// !$*UTF8*$!
{
	archiveVersion = 1;
	classes = {
	};
	objectVersion = 51;
	objects = {

/* Begin PBXBuildFile section */
		3D4B9C11709A1E92ACC8DB93 /* Pods_Flix.framework in Frameworks */ = {isa = PBXBuildFile; fileRef = 1E5E580E5DAAA71547373094 /* Pods_Flix.framework */; };
		89EA31428D623F0C5435D477 /* Pods_FlixTests.framework in Frameworks */ = {isa = PBXBuildFile; fileRef = 8623811E04AF2650477E4C0C /* Pods_FlixTests.framework */; };
		B7050C47262A1408000F213C /* MovieGridCell.swift in Sources */ = {isa = PBXBuildFile; fileRef = B7050C46262A1408000F213C /* MovieGridCell.swift */; };
		B75C5F9F26211035003B0340 /* AppDelegate.swift in Sources */ = {isa = PBXBuildFile; fileRef = B75C5F9E26211035003B0340 /* AppDelegate.swift */; };
		B75C5FA126211035003B0340 /* SceneDelegate.swift in Sources */ = {isa = PBXBuildFile; fileRef = B75C5FA026211035003B0340 /* SceneDelegate.swift */; };
		B75C5FA326211035003B0340 /* MovieViewController.swift in Sources */ = {isa = PBXBuildFile; fileRef = B75C5FA226211035003B0340 /* MovieViewController.swift */; };
		B75C5FA626211035003B0340 /* Main.storyboard in Resources */ = {isa = PBXBuildFile; fileRef = B75C5FA426211035003B0340 /* Main.storyboard */; };
		B75C5FA826211035003B0340 /* Assets.xcassets in Resources */ = {isa = PBXBuildFile; fileRef = B75C5FA726211035003B0340 /* Assets.xcassets */; };
		B75C5FAB26211035003B0340 /* LaunchScreen.storyboard in Resources */ = {isa = PBXBuildFile; fileRef = B75C5FA926211035003B0340 /* LaunchScreen.storyboard */; };
		B75C5FB626211035003B0340 /* FlixTests.swift in Sources */ = {isa = PBXBuildFile; fileRef = B75C5FB526211035003B0340 /* FlixTests.swift */; };
		B75C5FC126211035003B0340 /* FlixUITests.swift in Sources */ = {isa = PBXBuildFile; fileRef = B75C5FC026211035003B0340 /* FlixUITests.swift */; };
		B75C5FD5262121BC003B0340 /* MovieCell.swift in Sources */ = {isa = PBXBuildFile; fileRef = B75C5FD4262121BC003B0340 /* MovieCell.swift */; };
		B78EBD3D2627837A00CCFBB8 /* MoviesDetailViewController.swift in Sources */ = {isa = PBXBuildFile; fileRef = B78EBD3C2627837A00CCFBB8 /* MoviesDetailViewController.swift */; };
		B78EBD422627E26600CCFBB8 /* MovieGridViewController.swift in Sources */ = {isa = PBXBuildFile; fileRef = B78EBD412627E26600CCFBB8 /* MovieGridViewController.swift */; };
		B99512FCB77BB89038B648D1 /* Pods_Flix_FlixUITests.framework in Frameworks */ = {isa = PBXBuildFile; fileRef = 8A300DBE4B641E282D45D9DD /* Pods_Flix_FlixUITests.framework */; };
/* End PBXBuildFile section */

/* Begin PBXContainerItemProxy section */
		B75C5FB226211035003B0340 /* PBXContainerItemProxy */ = {
			isa = PBXContainerItemProxy;
			containerPortal = B75C5F9326211035003B0340 /* Project object */;
			proxyType = 1;
			remoteGlobalIDString = B75C5F9A26211035003B0340;
			remoteInfo = Flix;
		};
		B75C5FBD26211035003B0340 /* PBXContainerItemProxy */ = {
			isa = PBXContainerItemProxy;
			containerPortal = B75C5F9326211035003B0340 /* Project object */;
			proxyType = 1;
			remoteGlobalIDString = B75C5F9A26211035003B0340;
			remoteInfo = Flix;
		};
/* End PBXContainerItemProxy section */

/* Begin PBXFileReference section */
		1AF664F0BF8D7F9B58D554A5 /* Pods-FlixTests.release.xcconfig */ = {isa = PBXFileReference; includeInIndex = 1; lastKnownFileType = text.xcconfig; name = "Pods-FlixTests.release.xcconfig"; path = "Target Support Files/Pods-FlixTests/Pods-FlixTests.release.xcconfig"; sourceTree = "<group>"; };
		1E5E580E5DAAA71547373094 /* Pods_Flix.framework */ = {isa = PBXFileReference; explicitFileType = wrapper.framework; includeInIndex = 0; path = Pods_Flix.framework; sourceTree = BUILT_PRODUCTS_DIR; };
		345FE3A5D71856F7E501A091 /* Pods-FlixTests.debug.xcconfig */ = {isa = PBXFileReference; includeInIndex = 1; lastKnownFileType = text.xcconfig; name = "Pods-FlixTests.debug.xcconfig"; path = "Target Support Files/Pods-FlixTests/Pods-FlixTests.debug.xcconfig"; sourceTree = "<group>"; };
		6958D6B4D240945E516CEB48 /* Pods-Flix-FlixUITests.debug.xcconfig */ = {isa = PBXFileReference; includeInIndex = 1; lastKnownFileType = text.xcconfig; name = "Pods-Flix-FlixUITests.debug.xcconfig"; path = "Target Support Files/Pods-Flix-FlixUITests/Pods-Flix-FlixUITests.debug.xcconfig"; sourceTree = "<group>"; };
		8623811E04AF2650477E4C0C /* Pods_FlixTests.framework */ = {isa = PBXFileReference; explicitFileType = wrapper.framework; includeInIndex = 0; path = Pods_FlixTests.framework; sourceTree = BUILT_PRODUCTS_DIR; };
		8A300DBE4B641E282D45D9DD /* Pods_Flix_FlixUITests.framework */ = {isa = PBXFileReference; explicitFileType = wrapper.framework; includeInIndex = 0; path = Pods_Flix_FlixUITests.framework; sourceTree = BUILT_PRODUCTS_DIR; };
		B0FC0A594798A32DBB35A3F9 /* Pods-Flix.release.xcconfig */ = {isa = PBXFileReference; includeInIndex = 1; lastKnownFileType = text.xcconfig; name = "Pods-Flix.release.xcconfig"; path = "Target Support Files/Pods-Flix/Pods-Flix.release.xcconfig"; sourceTree = "<group>"; };
		B2F88C4959BA28A00FDC1404 /* Pods-Flix-FlixUITests.release.xcconfig */ = {isa = PBXFileReference; includeInIndex = 1; lastKnownFileType = text.xcconfig; name = "Pods-Flix-FlixUITests.release.xcconfig"; path = "Target Support Files/Pods-Flix-FlixUITests/Pods-Flix-FlixUITests.release.xcconfig"; sourceTree = "<group>"; };
		B7050C46262A1408000F213C /* MovieGridCell.swift */ = {isa = PBXFileReference; lastKnownFileType = sourcecode.swift; path = MovieGridCell.swift; sourceTree = "<group>"; };
		B75C5F9B26211035003B0340 /* Flix.app */ = {isa = PBXFileReference; explicitFileType = wrapper.application; includeInIndex = 0; path = Flix.app; sourceTree = BUILT_PRODUCTS_DIR; };
		B75C5F9E26211035003B0340 /* AppDelegate.swift */ = {isa = PBXFileReference; lastKnownFileType = sourcecode.swift; path = AppDelegate.swift; sourceTree = "<group>"; };
		B75C5FA026211035003B0340 /* SceneDelegate.swift */ = {isa = PBXFileReference; lastKnownFileType = sourcecode.swift; path = SceneDelegate.swift; sourceTree = "<group>"; };
		B75C5FA226211035003B0340 /* MovieViewController.swift */ = {isa = PBXFileReference; lastKnownFileType = sourcecode.swift; path = MovieViewController.swift; sourceTree = "<group>"; };
		B75C5FA526211035003B0340 /* Base */ = {isa = PBXFileReference; lastKnownFileType = file.storyboard; name = Base; path = Base.lproj/Main.storyboard; sourceTree = "<group>"; };
		B75C5FA726211035003B0340 /* Assets.xcassets */ = {isa = PBXFileReference; lastKnownFileType = folder.assetcatalog; path = Assets.xcassets; sourceTree = "<group>"; };
		B75C5FAA26211035003B0340 /* Base */ = {isa = PBXFileReference; lastKnownFileType = file.storyboard; name = Base; path = Base.lproj/LaunchScreen.storyboard; sourceTree = "<group>"; };
		B75C5FAC26211035003B0340 /* Info.plist */ = {isa = PBXFileReference; lastKnownFileType = text.plist.xml; path = Info.plist; sourceTree = "<group>"; };
		B75C5FB126211035003B0340 /* FlixTests.xctest */ = {isa = PBXFileReference; explicitFileType = wrapper.cfbundle; includeInIndex = 0; path = FlixTests.xctest; sourceTree = BUILT_PRODUCTS_DIR; };
		B75C5FB526211035003B0340 /* FlixTests.swift */ = {isa = PBXFileReference; lastKnownFileType = sourcecode.swift; path = FlixTests.swift; sourceTree = "<group>"; };
		B75C5FB726211035003B0340 /* Info.plist */ = {isa = PBXFileReference; lastKnownFileType = text.plist.xml; path = Info.plist; sourceTree = "<group>"; };
		B75C5FBC26211035003B0340 /* FlixUITests.xctest */ = {isa = PBXFileReference; explicitFileType = wrapper.cfbundle; includeInIndex = 0; path = FlixUITests.xctest; sourceTree = BUILT_PRODUCTS_DIR; };
		B75C5FC026211035003B0340 /* FlixUITests.swift */ = {isa = PBXFileReference; lastKnownFileType = sourcecode.swift; path = FlixUITests.swift; sourceTree = "<group>"; };
		B75C5FC226211035003B0340 /* Info.plist */ = {isa = PBXFileReference; lastKnownFileType = text.plist.xml; path = Info.plist; sourceTree = "<group>"; };
		B75C5FD4262121BC003B0340 /* MovieCell.swift */ = {isa = PBXFileReference; lastKnownFileType = sourcecode.swift; path = MovieCell.swift; sourceTree = "<group>"; };
		B78EBD3C2627837A00CCFBB8 /* MoviesDetailViewController.swift */ = {isa = PBXFileReference; lastKnownFileType = sourcecode.swift; path = MoviesDetailViewController.swift; sourceTree = "<group>"; };
		B78EBD412627E26600CCFBB8 /* MovieGridViewController.swift */ = {isa = PBXFileReference; lastKnownFileType = sourcecode.swift; path = MovieGridViewController.swift; sourceTree = "<group>"; };
		F98835E35AEE013C2A65AB4B /* Pods-Flix.debug.xcconfig */ = {isa = PBXFileReference; includeInIndex = 1; lastKnownFileType = text.xcconfig; name = "Pods-Flix.debug.xcconfig"; path = "Target Support Files/Pods-Flix/Pods-Flix.debug.xcconfig"; sourceTree = "<group>"; };
/* End PBXFileReference section */

/* Begin PBXFrameworksBuildPhase section */
		B75C5F9826211035003B0340 /* Frameworks */ = {
			isa = PBXFrameworksBuildPhase;
			buildActionMask = 2147483647;
			files = (
				3D4B9C11709A1E92ACC8DB93 /* Pods_Flix.framework in Frameworks */,
			);
			runOnlyForDeploymentPostprocessing = 0;
		};
		B75C5FAE26211035003B0340 /* Frameworks */ = {
			isa = PBXFrameworksBuildPhase;
			buildActionMask = 2147483647;
			files = (
				89EA31428D623F0C5435D477 /* Pods_FlixTests.framework in Frameworks */,
			);
			runOnlyForDeploymentPostprocessing = 0;
		};
		B75C5FB926211035003B0340 /* Frameworks */ = {
			isa = PBXFrameworksBuildPhase;
			buildActionMask = 2147483647;
			files = (
				B99512FCB77BB89038B648D1 /* Pods_Flix_FlixUITests.framework in Frameworks */,
			);
			runOnlyForDeploymentPostprocessing = 0;
		};
/* End PBXFrameworksBuildPhase section */

/* Begin PBXGroup section */
		6E1A6FD4B290FF0EE26D9EDA /* Pods */ = {
			isa = PBXGroup;
			children = (
				F98835E35AEE013C2A65AB4B /* Pods-Flix.debug.xcconfig */,
				B0FC0A594798A32DBB35A3F9 /* Pods-Flix.release.xcconfig */,
				6958D6B4D240945E516CEB48 /* Pods-Flix-FlixUITests.debug.xcconfig */,
				B2F88C4959BA28A00FDC1404 /* Pods-Flix-FlixUITests.release.xcconfig */,
				345FE3A5D71856F7E501A091 /* Pods-FlixTests.debug.xcconfig */,
				1AF664F0BF8D7F9B58D554A5 /* Pods-FlixTests.release.xcconfig */,
			);
			path = Pods;
			sourceTree = "<group>";
		};
		B75C5F9226211035003B0340 = {
			isa = PBXGroup;
			children = (
				B75C5F9D26211035003B0340 /* Flix */,
				B75C5FB426211035003B0340 /* FlixTests */,
				B75C5FBF26211035003B0340 /* FlixUITests */,
				B75C5F9C26211035003B0340 /* Products */,
				6E1A6FD4B290FF0EE26D9EDA /* Pods */,
				F9EA5B19544CB60FE0B701F5 /* Frameworks */,
			);
			sourceTree = "<group>";
		};
		B75C5F9C26211035003B0340 /* Products */ = {
			isa = PBXGroup;
			children = (
				B75C5F9B26211035003B0340 /* Flix.app */,
				B75C5FB126211035003B0340 /* FlixTests.xctest */,
				B75C5FBC26211035003B0340 /* FlixUITests.xctest */,
			);
			name = Products;
			sourceTree = "<group>";
		};
		B75C5F9D26211035003B0340 /* Flix */ = {
			isa = PBXGroup;
			children = (
				B78EBD412627E26600CCFBB8 /* MovieGridViewController.swift */,
				B75C5F9E26211035003B0340 /* AppDelegate.swift */,
				B75C5FA026211035003B0340 /* SceneDelegate.swift */,
				B75C5FA226211035003B0340 /* MovieViewController.swift */,
				B75C5FA426211035003B0340 /* Main.storyboard */,
				B75C5FD4262121BC003B0340 /* MovieCell.swift */,
				B75C5FA726211035003B0340 /* Assets.xcassets */,
				B75C5FA926211035003B0340 /* LaunchScreen.storyboard */,
				B75C5FAC26211035003B0340 /* Info.plist */,
				B78EBD3C2627837A00CCFBB8 /* MoviesDetailViewController.swift */,
				B7050C46262A1408000F213C /* MovieGridCell.swift */,
			);
			path = Flix;
			sourceTree = "<group>";
		};
		B75C5FB426211035003B0340 /* FlixTests */ = {
			isa = PBXGroup;
			children = (
				B75C5FB526211035003B0340 /* FlixTests.swift */,
				B75C5FB726211035003B0340 /* Info.plist */,
			);
			path = FlixTests;
			sourceTree = "<group>";
		};
		B75C5FBF26211035003B0340 /* FlixUITests */ = {
			isa = PBXGroup;
			children = (
				B75C5FC026211035003B0340 /* FlixUITests.swift */,
				B75C5FC226211035003B0340 /* Info.plist */,
			);
			path = FlixUITests;
			sourceTree = "<group>";
		};
		F9EA5B19544CB60FE0B701F5 /* Frameworks */ = {
			isa = PBXGroup;
			children = (
				1E5E580E5DAAA71547373094 /* Pods_Flix.framework */,
				8A300DBE4B641E282D45D9DD /* Pods_Flix_FlixUITests.framework */,
				8623811E04AF2650477E4C0C /* Pods_FlixTests.framework */,
			);
			name = Frameworks;
			sourceTree = "<group>";
		};
/* End PBXGroup section */

/* Begin PBXNativeTarget section */
		B75C5F9A26211035003B0340 /* Flix */ = {
			isa = PBXNativeTarget;
			buildConfigurationList = B75C5FC526211035003B0340 /* Build configuration list for PBXNativeTarget "Flix" */;
			buildPhases = (
				8461C6EB816CE3FD23D52955 /* [CP] Check Pods Manifest.lock */,
				B75C5F9726211035003B0340 /* Sources */,
				B75C5F9826211035003B0340 /* Frameworks */,
				B75C5F9926211035003B0340 /* Resources */,
				031D5A479CF56A84F50C2F3F /* [CP] Embed Pods Frameworks */,
			);
			buildRules = (
			);
			dependencies = (
			);
			name = Flix;
			productName = Flix;
			productReference = B75C5F9B26211035003B0340 /* Flix.app */;
			productType = "com.apple.product-type.application";
		};
		B75C5FB026211035003B0340 /* FlixTests */ = {
			isa = PBXNativeTarget;
			buildConfigurationList = B75C5FC826211035003B0340 /* Build configuration list for PBXNativeTarget "FlixTests" */;
			buildPhases = (
				74AA2515126B2B0CEF4AC4A1 /* [CP] Check Pods Manifest.lock */,
				B75C5FAD26211035003B0340 /* Sources */,
				B75C5FAE26211035003B0340 /* Frameworks */,
				B75C5FAF26211035003B0340 /* Resources */,
			);
			buildRules = (
			);
			dependencies = (
				B75C5FB326211035003B0340 /* PBXTargetDependency */,
			);
			name = FlixTests;
			productName = FlixTests;
			productReference = B75C5FB126211035003B0340 /* FlixTests.xctest */;
			productType = "com.apple.product-type.bundle.unit-test";
		};
		B75C5FBB26211035003B0340 /* FlixUITests */ = {
			isa = PBXNativeTarget;
			buildConfigurationList = B75C5FCB26211035003B0340 /* Build configuration list for PBXNativeTarget "FlixUITests" */;
			buildPhases = (
				C785CA63604F9E0CEDBC9E63 /* [CP] Check Pods Manifest.lock */,
				B75C5FB826211035003B0340 /* Sources */,
				B75C5FB926211035003B0340 /* Frameworks */,
				B75C5FBA26211035003B0340 /* Resources */,
				4E8007CF5500A9211BEBC7B6 /* [CP] Embed Pods Frameworks */,
			);
			buildRules = (
			);
			dependencies = (
				B75C5FBE26211035003B0340 /* PBXTargetDependency */,
			);
			name = FlixUITests;
			productName = FlixUITests;
			productReference = B75C5FBC26211035003B0340 /* FlixUITests.xctest */;
			productType = "com.apple.product-type.bundle.ui-testing";
		};
/* End PBXNativeTarget section */

/* Begin PBXProject section */
		B75C5F9326211035003B0340 /* Project object */ = {
			isa = PBXProject;
			attributes = {
				LastSwiftUpdateCheck = 1240;
				LastUpgradeCheck = 1240;
				TargetAttributes = {
					B75C5F9A26211035003B0340 = {
						CreatedOnToolsVersion = 12.4;
					};
					B75C5FB026211035003B0340 = {
						CreatedOnToolsVersion = 12.4;
						TestTargetID = B75C5F9A26211035003B0340;
					};
					B75C5FBB26211035003B0340 = {
						CreatedOnToolsVersion = 12.4;
						TestTargetID = B75C5F9A26211035003B0340;
					};
				};
			};
			buildConfigurationList = B75C5F9626211035003B0340 /* Build configuration list for PBXProject "Flix" */;
			compatibilityVersion = "Xcode 9.3";
			developmentRegion = en;
			hasScannedForEncodings = 0;
			knownRegions = (
				en,
				Base,
			);
			mainGroup = B75C5F9226211035003B0340;
			productRefGroup = B75C5F9C26211035003B0340 /* Products */;
			projectDirPath = "";
			projectRoot = "";
			targets = (
				B75C5F9A26211035003B0340 /* Flix */,
				B75C5FB026211035003B0340 /* FlixTests */,
				B75C5FBB26211035003B0340 /* FlixUITests */,
			);
		};
/* End PBXProject section */

/* Begin PBXResourcesBuildPhase section */
		B75C5F9926211035003B0340 /* Resources */ = {
			isa = PBXResourcesBuildPhase;
			buildActionMask = 2147483647;
			files = (
				B75C5FAB26211035003B0340 /* LaunchScreen.storyboard in Resources */,
				B75C5FA826211035003B0340 /* Assets.xcassets in Resources */,
				B75C5FA626211035003B0340 /* Main.storyboard in Resources */,
			);
			runOnlyForDeploymentPostprocessing = 0;
		};
		B75C5FAF26211035003B0340 /* Resources */ = {
			isa = PBXResourcesBuildPhase;
			buildActionMask = 2147483647;
			files = (
			);
			runOnlyForDeploymentPostprocessing = 0;
		};
		B75C5FBA26211035003B0340 /* Resources */ = {
			isa = PBXResourcesBuildPhase;
			buildActionMask = 2147483647;
			files = (
			);
			runOnlyForDeploymentPostprocessing = 0;
		};
/* End PBXResourcesBuildPhase section */

/* Begin PBXShellScriptBuildPhase section */
		031D5A479CF56A84F50C2F3F /* [CP] Embed Pods Frameworks */ = {
			isa = PBXShellScriptBuildPhase;
			buildActionMask = 2147483647;
			files = (
			);
			inputFileListPaths = (
				"${PODS_ROOT}/Target Support Files/Pods-Flix/Pods-Flix-frameworks-${CONFIGURATION}-input-files.xcfilelist",
			);
			name = "[CP] Embed Pods Frameworks";
			outputFileListPaths = (
				"${PODS_ROOT}/Target Support Files/Pods-Flix/Pods-Flix-frameworks-${CONFIGURATION}-output-files.xcfilelist",
			);
			runOnlyForDeploymentPostprocessing = 0;
			shellPath = /bin/sh;
			shellScript = "\"${PODS_ROOT}/Target Support Files/Pods-Flix/Pods-Flix-frameworks.sh\"\n";
			showEnvVarsInLog = 0;
		};
		4E8007CF5500A9211BEBC7B6 /* [CP] Embed Pods Frameworks */ = {
			isa = PBXShellScriptBuildPhase;
			buildActionMask = 2147483647;
			files = (
			);
			inputFileListPaths = (
				"${PODS_ROOT}/Target Support Files/Pods-Flix-FlixUITests/Pods-Flix-FlixUITests-frameworks-${CONFIGURATION}-input-files.xcfilelist",
			);
			name = "[CP] Embed Pods Frameworks";
			outputFileListPaths = (
				"${PODS_ROOT}/Target Support Files/Pods-Flix-FlixUITests/Pods-Flix-FlixUITests-frameworks-${CONFIGURATION}-output-files.xcfilelist",
			);
			runOnlyForDeploymentPostprocessing = 0;
			shellPath = /bin/sh;
			shellScript = "\"${PODS_ROOT}/Target Support Files/Pods-Flix-FlixUITests/Pods-Flix-FlixUITests-frameworks.sh\"\n";
			showEnvVarsInLog = 0;
		};
		74AA2515126B2B0CEF4AC4A1 /* [CP] Check Pods Manifest.lock */ = {
			isa = PBXShellScriptBuildPhase;
			buildActionMask = 2147483647;
			files = (
			);
			inputFileListPaths = (
			);
			inputPaths = (
				"${PODS_PODFILE_DIR_PATH}/Podfile.lock",
				"${PODS_ROOT}/Manifest.lock",
			);
			name = "[CP] Check Pods Manifest.lock";
			outputFileListPaths = (
			);
			outputPaths = (
				"$(DERIVED_FILE_DIR)/Pods-FlixTests-checkManifestLockResult.txt",
			);
			runOnlyForDeploymentPostprocessing = 0;
			shellPath = /bin/sh;
			shellScript = "diff \"${PODS_PODFILE_DIR_PATH}/Podfile.lock\" \"${PODS_ROOT}/Manifest.lock\" > /dev/null\nif [ $? != 0 ] ; then\n    # print error to STDERR\n    echo \"error: The sandbox is not in sync with the Podfile.lock. Run 'pod install' or update your CocoaPods installation.\" >&2\n    exit 1\nfi\n# This output is used by Xcode 'outputs' to avoid re-running this script phase.\necho \"SUCCESS\" > \"${SCRIPT_OUTPUT_FILE_0}\"\n";
			showEnvVarsInLog = 0;
		};
		8461C6EB816CE3FD23D52955 /* [CP] Check Pods Manifest.lock */ = {
			isa = PBXShellScriptBuildPhase;
			buildActionMask = 2147483647;
			files = (
			);
			inputFileListPaths = (
			);
			inputPaths = (
				"${PODS_PODFILE_DIR_PATH}/Podfile.lock",
				"${PODS_ROOT}/Manifest.lock",
			);
			name = "[CP] Check Pods Manifest.lock";
			outputFileListPaths = (
			);
			outputPaths = (
				"$(DERIVED_FILE_DIR)/Pods-Flix-checkManifestLockResult.txt",
			);
			runOnlyForDeploymentPostprocessing = 0;
			shellPath = /bin/sh;
			shellScript = "diff \"${PODS_PODFILE_DIR_PATH}/Podfile.lock\" \"${PODS_ROOT}/Manifest.lock\" > /dev/null\nif [ $? != 0 ] ; then\n    # print error to STDERR\n    echo \"error: The sandbox is not in sync with the Podfile.lock. Run 'pod install' or update your CocoaPods installation.\" >&2\n    exit 1\nfi\n# This output is used by Xcode 'outputs' to avoid re-running this script phase.\necho \"SUCCESS\" > \"${SCRIPT_OUTPUT_FILE_0}\"\n";
			showEnvVarsInLog = 0;
		};
		C785CA63604F9E0CEDBC9E63 /* [CP] Check Pods Manifest.lock */ = {
			isa = PBXShellScriptBuildPhase;
			buildActionMask = 2147483647;
			files = (
			);
			inputFileListPaths = (
			);
			inputPaths = (
				"${PODS_PODFILE_DIR_PATH}/Podfile.lock",
				"${PODS_ROOT}/Manifest.lock",
			);
			name = "[CP] Check Pods Manifest.lock";
			outputFileListPaths = (
			);
			outputPaths = (
				"$(DERIVED_FILE_DIR)/Pods-Flix-FlixUITests-checkManifestLockResult.txt",
			);
			runOnlyForDeploymentPostprocessing = 0;
			shellPath = /bin/sh;
			shellScript = "diff \"${PODS_PODFILE_DIR_PATH}/Podfile.lock\" \"${PODS_ROOT}/Manifest.lock\" > /dev/null\nif [ $? != 0 ] ; then\n    # print error to STDERR\n    echo \"error: The sandbox is not in sync with the Podfile.lock. Run 'pod install' or update your CocoaPods installation.\" >&2\n    exit 1\nfi\n# This output is used by Xcode 'outputs' to avoid re-running this script phase.\necho \"SUCCESS\" > \"${SCRIPT_OUTPUT_FILE_0}\"\n";
			showEnvVarsInLog = 0;
		};
/* End PBXShellScriptBuildPhase section */

/* Begin PBXSourcesBuildPhase section */
		B75C5F9726211035003B0340 /* Sources */ = {
			isa = PBXSourcesBuildPhase;
			buildActionMask = 2147483647;
			files = (
				B75C5FA326211035003B0340 /* MovieViewController.swift in Sources */,
				B78EBD3D2627837A00CCFBB8 /* MoviesDetailViewController.swift in Sources */,
				B75C5F9F26211035003B0340 /* AppDelegate.swift in Sources */,
				B75C5FD5262121BC003B0340 /* MovieCell.swift in Sources */,
				B75C5FA126211035003B0340 /* SceneDelegate.swift in Sources */,
				B78EBD422627E26600CCFBB8 /* MovieGridViewController.swift in Sources */,
				B7050C47262A1408000F213C /* MovieGridCell.swift in Sources */,
			);
			runOnlyForDeploymentPostprocessing = 0;
		};
		B75C5FAD26211035003B0340 /* Sources */ = {
			isa = PBXSourcesBuildPhase;
			buildActionMask = 2147483647;
			files = (
				B75C5FB626211035003B0340 /* FlixTests.swift in Sources */,
			);
			runOnlyForDeploymentPostprocessing = 0;
		};
		B75C5FB826211035003B0340 /* Sources */ = {
			isa = PBXSourcesBuildPhase;
			buildActionMask = 2147483647;
			files = (
				B75C5FC126211035003B0340 /* FlixUITests.swift in Sources */,
			);
			runOnlyForDeploymentPostprocessing = 0;
		};
/* End PBXSourcesBuildPhase section */

/* Begin PBXTargetDependency section */
		B75C5FB326211035003B0340 /* PBXTargetDependency */ = {
			isa = PBXTargetDependency;
			target = B75C5F9A26211035003B0340 /* Flix */;
			targetProxy = B75C5FB226211035003B0340 /* PBXContainerItemProxy */;
		};
		B75C5FBE26211035003B0340 /* PBXTargetDependency */ = {
			isa = PBXTargetDependency;
			target = B75C5F9A26211035003B0340 /* Flix */;
			targetProxy = B75C5FBD26211035003B0340 /* PBXContainerItemProxy */;
		};
/* End PBXTargetDependency section */

/* Begin PBXVariantGroup section */
		B75C5FA426211035003B0340 /* Main.storyboard */ = {
			isa = PBXVariantGroup;
			children = (
				B75C5FA526211035003B0340 /* Base */,
			);
			name = Main.storyboard;
			sourceTree = "<group>";
		};
		B75C5FA926211035003B0340 /* LaunchScreen.storyboard */ = {
			isa = PBXVariantGroup;
			children = (
				B75C5FAA26211035003B0340 /* Base */,
			);
			name = LaunchScreen.storyboard;
			sourceTree = "<group>";
		};
/* End PBXVariantGroup section */

/* Begin XCBuildConfiguration section */
		B75C5FC326211035003B0340 /* Debug */ = {
			isa = XCBuildConfiguration;
			buildSettings = {
				ALWAYS_SEARCH_USER_PATHS = NO;
				CLANG_ANALYZER_NONNULL = YES;
				CLANG_ANALYZER_NUMBER_OBJECT_CONVERSION = YES_AGGRESSIVE;
				CLANG_CXX_LANGUAGE_STANDARD = "gnu++14";
				CLANG_CXX_LIBRARY = "libc++";
				CLANG_ENABLE_MODULES = YES;
				CLANG_ENABLE_OBJC_ARC = YES;
				CLANG_ENABLE_OBJC_WEAK = YES;
				CLANG_WARN_BLOCK_CAPTURE_AUTORELEASING = YES;
				CLANG_WARN_BOOL_CONVERSION = YES;
				CLANG_WARN_COMMA = YES;
				CLANG_WARN_CONSTANT_CONVERSION = YES;
				CLANG_WARN_DEPRECATED_OBJC_IMPLEMENTATIONS = YES;
				CLANG_WARN_DIRECT_OBJC_ISA_USAGE = YES_ERROR;
				CLANG_WARN_DOCUMENTATION_COMMENTS = YES;
				CLANG_WARN_EMPTY_BODY = YES;
				CLANG_WARN_ENUM_CONVERSION = YES;
				CLANG_WARN_INFINITE_RECURSION = YES;
				CLANG_WARN_INT_CONVERSION = YES;
				CLANG_WARN_NON_LITERAL_NULL_CONVERSION = YES;
				CLANG_WARN_OBJC_IMPLICIT_RETAIN_SELF = YES;
				CLANG_WARN_OBJC_LITERAL_CONVERSION = YES;
				CLANG_WARN_OBJC_ROOT_CLASS = YES_ERROR;
				CLANG_WARN_QUOTED_INCLUDE_IN_FRAMEWORK_HEADER = YES;
				CLANG_WARN_RANGE_LOOP_ANALYSIS = YES;
				CLANG_WARN_STRICT_PROTOTYPES = YES;
				CLANG_WARN_SUSPICIOUS_MOVE = YES;
				CLANG_WARN_UNGUARDED_AVAILABILITY = YES_AGGRESSIVE;
				CLANG_WARN_UNREACHABLE_CODE = YES;
				CLANG_WARN__DUPLICATE_METHOD_MATCH = YES;
				COPY_PHASE_STRIP = NO;
				DEBUG_INFORMATION_FORMAT = dwarf;
				ENABLE_STRICT_OBJC_MSGSEND = YES;
				ENABLE_TESTABILITY = YES;
				GCC_C_LANGUAGE_STANDARD = gnu11;
				GCC_DYNAMIC_NO_PIC = NO;
				GCC_NO_COMMON_BLOCKS = YES;
				GCC_OPTIMIZATION_LEVEL = 0;
				GCC_PREPROCESSOR_DEFINITIONS = (
					"DEBUG=1",
					"$(inherited)",
				);
				GCC_WARN_64_TO_32_BIT_CONVERSION = YES;
				GCC_WARN_ABOUT_RETURN_TYPE = YES_ERROR;
				GCC_WARN_UNDECLARED_SELECTOR = YES;
				GCC_WARN_UNINITIALIZED_AUTOS = YES_AGGRESSIVE;
				GCC_WARN_UNUSED_FUNCTION = YES;
				GCC_WARN_UNUSED_VARIABLE = YES;
				IPHONEOS_DEPLOYMENT_TARGET = 14.4;
				MTL_ENABLE_DEBUG_INFO = INCLUDE_SOURCE;
				MTL_FAST_MATH = YES;
				ONLY_ACTIVE_ARCH = YES;
				SDKROOT = iphoneos;
				SWIFT_ACTIVE_COMPILATION_CONDITIONS = DEBUG;
				SWIFT_OPTIMIZATION_LEVEL = "-Onone";
			};
			name = Debug;
		};
		B75C5FC426211035003B0340 /* Release */ = {
			isa = XCBuildConfiguration;
			buildSettings = {
				ALWAYS_SEARCH_USER_PATHS = NO;
				CLANG_ANALYZER_NONNULL = YES;
				CLANG_ANALYZER_NUMBER_OBJECT_CONVERSION = YES_AGGRESSIVE;
				CLANG_CXX_LANGUAGE_STANDARD = "gnu++14";
				CLANG_CXX_LIBRARY = "libc++";
				CLANG_ENABLE_MODULES = YES;
				CLANG_ENABLE_OBJC_ARC = YES;
				CLANG_ENABLE_OBJC_WEAK = YES;
				CLANG_WARN_BLOCK_CAPTURE_AUTORELEASING = YES;
				CLANG_WARN_BOOL_CONVERSION = YES;
				CLANG_WARN_COMMA = YES;
				CLANG_WARN_CONSTANT_CONVERSION = YES;
				CLANG_WARN_DEPRECATED_OBJC_IMPLEMENTATIONS = YES;
				CLANG_WARN_DIRECT_OBJC_ISA_USAGE = YES_ERROR;
				CLANG_WARN_DOCUMENTATION_COMMENTS = YES;
				CLANG_WARN_EMPTY_BODY = YES;
				CLANG_WARN_ENUM_CONVERSION = YES;
				CLANG_WARN_INFINITE_RECURSION = YES;
				CLANG_WARN_INT_CONVERSION = YES;
				CLANG_WARN_NON_LITERAL_NULL_CONVERSION = YES;
				CLANG_WARN_OBJC_IMPLICIT_RETAIN_SELF = YES;
				CLANG_WARN_OBJC_LITERAL_CONVERSION = YES;
				CLANG_WARN_OBJC_ROOT_CLASS = YES_ERROR;
				CLANG_WARN_QUOTED_INCLUDE_IN_FRAMEWORK_HEADER = YES;
				CLANG_WARN_RANGE_LOOP_ANALYSIS = YES;
				CLANG_WARN_STRICT_PROTOTYPES = YES;
				CLANG_WARN_SUSPICIOUS_MOVE = YES;
				CLANG_WARN_UNGUARDED_AVAILABILITY = YES_AGGRESSIVE;
				CLANG_WARN_UNREACHABLE_CODE = YES;
				CLANG_WARN__DUPLICATE_METHOD_MATCH = YES;
				COPY_PHASE_STRIP = NO;
				DEBUG_INFORMATION_FORMAT = "dwarf-with-dsym";
				ENABLE_NS_ASSERTIONS = NO;
				ENABLE_STRICT_OBJC_MSGSEND = YES;
				GCC_C_LANGUAGE_STANDARD = gnu11;
				GCC_NO_COMMON_BLOCKS = YES;
				GCC_WARN_64_TO_32_BIT_CONVERSION = YES;
				GCC_WARN_ABOUT_RETURN_TYPE = YES_ERROR;
				GCC_WARN_UNDECLARED_SELECTOR = YES;
				GCC_WARN_UNINITIALIZED_AUTOS = YES_AGGRESSIVE;
				GCC_WARN_UNUSED_FUNCTION = YES;
				GCC_WARN_UNUSED_VARIABLE = YES;
				IPHONEOS_DEPLOYMENT_TARGET = 14.4;
				MTL_ENABLE_DEBUG_INFO = NO;
				MTL_FAST_MATH = YES;
				SDKROOT = iphoneos;
				SWIFT_COMPILATION_MODE = wholemodule;
				SWIFT_OPTIMIZATION_LEVEL = "-O";
				VALIDATE_PRODUCT = YES;
			};
			name = Release;
		};
		B75C5FC626211035003B0340 /* Debug */ = {
			isa = XCBuildConfiguration;
			baseConfigurationReference = F98835E35AEE013C2A65AB4B /* Pods-Flix.debug.xcconfig */;
			buildSettings = {
				ASSETCATALOG_COMPILER_APPICON_NAME = AppIcon;
				ASSETCATALOG_COMPILER_GLOBAL_ACCENT_COLOR_NAME = AccentColor;
				CODE_SIGN_STYLE = Automatic;
				INFOPLIST_FILE = Flix/Info.plist;
				LD_RUNPATH_SEARCH_PATHS = (
					"$(inherited)",
					"@executable_path/Frameworks",
				);
				PRODUCT_BUNDLE_IDENTIFIER = lvaldivia.jr.Flix;
				PRODUCT_NAME = "$(TARGET_NAME)";
				SWIFT_VERSION = 5.0;
				TARGETED_DEVICE_FAMILY = "1,2";
			};
			name = Debug;
		};
		B75C5FC726211035003B0340 /* Release */ = {
			isa = XCBuildConfiguration;
			baseConfigurationReference = B0FC0A594798A32DBB35A3F9 /* Pods-Flix.release.xcconfig */;
			buildSettings = {
				ASSETCATALOG_COMPILER_APPICON_NAME = AppIcon;
				ASSETCATALOG_COMPILER_GLOBAL_ACCENT_COLOR_NAME = AccentColor;
				CODE_SIGN_STYLE = Automatic;
				INFOPLIST_FILE = Flix/Info.plist;
				LD_RUNPATH_SEARCH_PATHS = (
					"$(inherited)",
					"@executable_path/Frameworks",
				);
				PRODUCT_BUNDLE_IDENTIFIER = lvaldivia.jr.Flix;
				PRODUCT_NAME = "$(TARGET_NAME)";
				SWIFT_VERSION = 5.0;
				TARGETED_DEVICE_FAMILY = "1,2";
			};
			name = Release;
		};
		B75C5FC926211035003B0340 /* Debug */ = {
			isa = XCBuildConfiguration;
			baseConfigurationReference = 345FE3A5D71856F7E501A091 /* Pods-FlixTests.debug.xcconfig */;
			buildSettings = {
				ALWAYS_EMBED_SWIFT_STANDARD_LIBRARIES = YES;
				BUNDLE_LOADER = "$(TEST_HOST)";
				CODE_SIGN_STYLE = Automatic;
				INFOPLIST_FILE = FlixTests/Info.plist;
				IPHONEOS_DEPLOYMENT_TARGET = 14.4;
				LD_RUNPATH_SEARCH_PATHS = (
					"$(inherited)",
					"@executable_path/Frameworks",
					"@loader_path/Frameworks",
				);
				PRODUCT_BUNDLE_IDENTIFIER = lvaldivia.jr.FlixTests;
				PRODUCT_NAME = "$(TARGET_NAME)";
				SWIFT_VERSION = 5.0;
				TARGETED_DEVICE_FAMILY = "1,2";
				TEST_HOST = "$(BUILT_PRODUCTS_DIR)/Flix.app/Flix";
			};
			name = Debug;
		};
		B75C5FCA26211035003B0340 /* Release */ = {
			isa = XCBuildConfiguration;
			baseConfigurationReference = 1AF664F0BF8D7F9B58D554A5 /* Pods-FlixTests.release.xcconfig */;
			buildSettings = {
				ALWAYS_EMBED_SWIFT_STANDARD_LIBRARIES = YES;
				BUNDLE_LOADER = "$(TEST_HOST)";
				CODE_SIGN_STYLE = Automatic;
				INFOPLIST_FILE = FlixTests/Info.plist;
				IPHONEOS_DEPLOYMENT_TARGET = 14.4;
				LD_RUNPATH_SEARCH_PATHS = (
					"$(inherited)",
					"@executable_path/Frameworks",
					"@loader_path/Frameworks",
				);
				PRODUCT_BUNDLE_IDENTIFIER = lvaldivia.jr.FlixTests;
				PRODUCT_NAME = "$(TARGET_NAME)";
				SWIFT_VERSION = 5.0;
				TARGETED_DEVICE_FAMILY = "1,2";
				TEST_HOST = "$(BUILT_PRODUCTS_DIR)/Flix.app/Flix";
			};
			name = Release;
		};
		B75C5FCC26211035003B0340 /* Debug */ = {
			isa = XCBuildConfiguration;
			baseConfigurationReference = 6958D6B4D240945E516CEB48 /* Pods-Flix-FlixUITests.debug.xcconfig */;
			buildSettings = {
				ALWAYS_EMBED_SWIFT_STANDARD_LIBRARIES = YES;
				CODE_SIGN_STYLE = Automatic;
				INFOPLIST_FILE = FlixUITests/Info.plist;
				LD_RUNPATH_SEARCH_PATHS = (
					"$(inherited)",
					"@executable_path/Frameworks",
					"@loader_path/Frameworks",
				);
				PRODUCT_BUNDLE_IDENTIFIER = lvaldivia.jr.FlixUITests;
				PRODUCT_NAME = "$(TARGET_NAME)";
				SWIFT_VERSION = 5.0;
				TARGETED_DEVICE_FAMILY = "1,2";
				TEST_TARGET_NAME = Flix;
			};
			name = Debug;
		};
		B75C5FCD26211035003B0340 /* Release */ = {
			isa = XCBuildConfiguration;
			baseConfigurationReference = B2F88C4959BA28A00FDC1404 /* Pods-Flix-FlixUITests.release.xcconfig */;
			buildSettings = {
				ALWAYS_EMBED_SWIFT_STANDARD_LIBRARIES = YES;
				CODE_SIGN_STYLE = Automatic;
				INFOPLIST_FILE = FlixUITests/Info.plist;
				LD_RUNPATH_SEARCH_PATHS = (
					"$(inherited)",
					"@executable_path/Frameworks",
					"@loader_path/Frameworks",
				);
				PRODUCT_BUNDLE_IDENTIFIER = lvaldivia.jr.FlixUITests;
				PRODUCT_NAME = "$(TARGET_NAME)";
				SWIFT_VERSION = 5.0;
				TARGETED_DEVICE_FAMILY = "1,2";
				TEST_TARGET_NAME = Flix;
			};
			name = Release;
		};
/* End XCBuildConfiguration section */

/* Begin XCConfigurationList section */
		B75C5F9626211035003B0340 /* Build configuration list for PBXProject "Flix" */ = {
			isa = XCConfigurationList;
			buildConfigurations = (
				B75C5FC326211035003B0340 /* Debug */,
				B75C5FC426211035003B0340 /* Release */,
			);
			defaultConfigurationIsVisible = 0;
			defaultConfigurationName = Release;
		};
		B75C5FC526211035003B0340 /* Build configuration list for PBXNativeTarget "Flix" */ = {
			isa = XCConfigurationList;
			buildConfigurations = (
				B75C5FC626211035003B0340 /* Debug */,
				B75C5FC726211035003B0340 /* Release */,
			);
			defaultConfigurationIsVisible = 0;
			defaultConfigurationName = Release;
		};
		B75C5FC826211035003B0340 /* Build configuration list for PBXNativeTarget "FlixTests" */ = {
			isa = XCConfigurationList;
			buildConfigurations = (
				B75C5FC926211035003B0340 /* Debug */,
				B75C5FCA26211035003B0340 /* Release */,
			);
			defaultConfigurationIsVisible = 0;
			defaultConfigurationName = Release;
		};
		B75C5FCB26211035003B0340 /* Build configuration list for PBXNativeTarget "FlixUITests" */ = {
			isa = XCConfigurationList;
			buildConfigurations = (
				B75C5FCC26211035003B0340 /* Debug */,
				B75C5FCD26211035003B0340 /* Release */,
			);
			defaultConfigurationIsVisible = 0;
			defaultConfigurationName = Release;
		};
/* End XCConfigurationList section */
	};
	rootObject = B75C5F9326211035003B0340 /* Project object */;
}
